
Microsoft Visual Studio Solution File, Format Version 12.00
# Visual Studio Version 17
VisualStudioVersion = 17.8.34408.163
MinimumVisualStudioVersion = 10.0.40219.1
Project("{8BC9CEB8-8B4A-11D0-8D11-00A0C91BC942}") = "BiTree_SP24", "BiTree_SP24\BiTree_SP24.vcxproj", "{BBB199A9-A53C-4C33-B4EE-27A11DF954FC}"
EndProject
Global
	GlobalSection(SolutionConfigurationPlatforms) = preSolution
		Debug|x64 = Debug|x64
		Debug|x86 = Debug|x86
		Release|x64 = Release|x64
		Release|x86 = Release|x86
	EndGlobalSection
	GlobalSection(ProjectConfigurationPlatforms) = postSolution
		{BBB199A9-A53C-4C33-B4EE-27A11DF954FC}.Debug|x64.ActiveCfg = Debug|x64
		{BBB199A9-A53C-4C33-B4EE-27A11DF954FC}.Debug|x64.Build.0 = Debug|x64
		{BBB199A9-A53C-4C33-B4EE-27A11DF954FC}.Debug|x86.ActiveCfg = Debug|Win32
		{BBB199A9-A53C-4C33-B4EE-27A11DF954FC}.Debug|x86.Build.0 = Debug|Win32
		{BBB199A9-A53C-4C33-B4EE-27A11DF954FC}.Release|x64.ActiveCfg = Release|x64
		{BBB199A9-A53C-4C33-B4EE-27A11DF954FC}.Release|x64.Build.0 = Release|x64
		{BBB199A9-A53C-4C33-B4EE-27A11DF954FC}.Release|x86.ActiveCfg = Release|Win32
		{BBB199A9-A53C-4C33-B4EE-27A11DF954FC}.Release|x86.Build.0 = Release|Win32
	EndGlobalSection
	GlobalSection(SolutionProperties) = preSolution
		HideSolutionNode = FALSE
	EndGlobalSection
	GlobalSection(ExtensibilityGlobals) = postSolution
		SolutionGuid = {37F9C67D-5A20-48BF-9CF0-1953AF1B8CC3}
	EndGlobalSection
EndGlobal
